
Microsoft Visual Studio Solution File, Format Version 12.00
# Visual Studio Version 16
VisualStudioVersion = 16.0.28729.10
MinimumVisualStudioVersion = 10.0.40219.1
Project("{9A19103F-16F7-4668-BE54-9A1E7A4F7556}") = "Code Under Test", "Code Under Test\Code Under Test.csproj", "{4DA9A39D-9FF9-478E-9958-AB816B8C936B}"
EndProject
Project("{FAE04EC0-301F-11D3-BF4B-00C04F79EFBC}") = "NUnit Tests", "NUnit Tests\NUnit Tests.csproj", "{A9E5DE07-208E-4C0F-A909-A7C7BE2F4E5A}"
EndProject
Global
	GlobalSection(SolutionConfigurationPlatforms) = preSolution
		Debug|Any CPU = Debug|Any CPU
		Release|Any CPU = Release|Any CPU
	EndGlobalSection
	GlobalSection(ProjectConfigurationPlatforms) = postSolution
		{4DA9A39D-9FF9-478E-9958-AB816B8C936B}.Debug|Any CPU.ActiveCfg = Debug|Any CPU
		{4DA9A39D-9FF9-478E-9958-AB816B8C936B}.Debug|Any CPU.Build.0 = Debug|Any CPU
		{4DA9A39D-9FF9-478E-9958-AB816B8C936B}.Release|Any CPU.ActiveCfg = Release|Any CPU
		{4DA9A39D-9FF9-478E-9958-AB816B8C936B}.Release|Any CPU.Build.0 = Release|Any CPU
		{A9E5DE07-208E-4C0F-A909-A7C7BE2F4E5A}.Debug|Any CPU.ActiveCfg = Debug|Any CPU
		{A9E5DE07-208E-4C0F-A909-A7C7BE2F4E5A}.Debug|Any CPU.Build.0 = Debug|Any CPU
		{A9E5DE07-208E-4C0F-A909-A7C7BE2F4E5A}.Release|Any CPU.ActiveCfg = Release|Any CPU
		{A9E5DE07-208E-4C0F-A909-A7C7BE2F4E5A}.Release|Any CPU.Build.0 = Release|Any CPU
	EndGlobalSection
	GlobalSection(SolutionProperties) = preSolution
		HideSolutionNode = FALSE
	EndGlobalSection
	GlobalSection(ExtensibilityGlobals) = postSolution
		SolutionGuid = {25EB9B35-6BDC-4D2C-86FE-C980EA33CBE3}
	EndGlobalSection
EndGlobal
